# This file is generated by running "yarn install" inside your project.
# Manual changes might be lost - proceed with caution!

__metadata:
  version: 4
  cacheKey: 8

"@assemblyscript/loader@npm:^0.19.17":
  version: 0.19.17
  resolution: "@assemblyscript/loader@npm:0.19.17"
  checksum: ccc8bf324d77c4e5adb64cc454bce5d599b20076d391dfe89662d1ce36f4f15630587d064dd1e88d2e4a3862d20bd78b5c0fd070e140b99791efd869d366cec7
  languageName: node
  linkType: hard

"assemblyscript@npm:^0.19.17":
  version: 0.19.17
  resolution: "assemblyscript@npm:0.19.17"
  dependencies:
    binaryen: 101.0.0-nightly.20210904
    long: ^4.0.0
  bin:
    asc: bin/asc
    asinit: bin/asinit
  checksum: e11cc5472f088bdeb1071509a562dbfd7d41ee41423aff9116139f00afbb230099d6b6a3270e3fce478e7aebeed3d00e3c54ff1668d1c3f83948e2ff7bc5942f
  languageName: node
  linkType: hard

"binaryen@npm:101.0.0-nightly.20210904":
  version: 101.0.0-nightly.20210904
  resolution: "binaryen@npm:101.0.0-nightly.20210904"
  bin:
    wasm-opt: bin/wasm-opt
  checksum: d8360efcf2a9d7147edd35fb84d9e6bd3039ce51450138510c716603e07f7a9ed01818e80e8a9e87a29624f836dcf1c1785e08682568725128908612fdd055fd
  languageName: node
  linkType: hard

"fft-as@workspace:libs/fft-as":
  version: 0.0.0-use.local
  resolution: "fft-as@workspace:libs/fft-as"
  dependencies:
    "@assemblyscript/loader": ^0.19.17
    assemblyscript: ^0.19.17
  languageName: unknown
  linkType: soft

"long@npm:^4.0.0":
  version: 4.0.0
  resolution: "long@npm:4.0.0"
  checksum: 16afbe8f749c7c849db1f4de4e2e6a31ac6e617cead3bdc4f9605cb703cd20e1e9fc1a7baba674ffcca57d660a6e5b53a9e236d7b25a295d3855cca79cc06744
  languageName: node
  linkType: hard

typescript@^4.4.4:
  version: 4.4.4
  resolution: "typescript@npm:4.4.4"
  bin:
    tsc: bin/tsc
    tsserver: bin/tsserver
  checksum: 89ecb8436bb48ef5594d49289f5f89103071716b6e4844278f4fb3362856e31203e187a9c76d205c3f0b674d221a058fd28310dbcbcf5d95e9a57229bb5203f1
  languageName: node
  linkType: hard

"typescript@patch:typescript@^4.4.4#~builtin<compat/typescript>":
  version: 4.4.4
  resolution: "typescript@patch:typescript@npm%3A4.4.4#~builtin<compat/typescript>::version=4.4.4&hash=32657b"
  bin:
    tsc: bin/tsc
    tsserver: bin/tsserver
  checksum: c97c33903f1eb4f9e178649befdfc859d93157db1eccd1e521e84976ec6861db53412d8018e5e4c5d09268771c65498d42caa64bd881878346c3644f6b7cd202
  languageName: node
  linkType: hard

"wuwjs@workspace:.":
  version: 0.0.0-use.local
  resolution: "wuwjs@workspace:."
  dependencies:
    typescript: ^4.4.4
  languageName: unknown
  linkType: soft
